// !$*UTF8*$!
{
	archiveVersion = 1;
	classes = {
	};
	objectVersion = 48;
	objects = {

/* Begin PBXBuildFile section */
		CEB7E3631FC9E39E0017A86C /* AppDelegate.swift in Sources */ = {isa = PBXBuildFile; fileRef = CEB7E3621FC9E39E0017A86C /* AppDelegate.swift */; };
		CEB7E3651FC9E39E0017A86C /* ViewController.swift in Sources */ = {isa = PBXBuildFile; fileRef = CEB7E3641FC9E39E0017A86C /* ViewController.swift */; };
		CEB7E3681FC9E39E0017A86C /* Main.storyboard in Resources */ = {isa = PBXBuildFile; fileRef = CEB7E3661FC9E39E0017A86C /* Main.storyboard */; };
		CEB7E36A1FC9E39E0017A86C /* Assets.xcassets in Resources */ = {isa = PBXBuildFile; fileRef = CEB7E3691FC9E39E0017A86C /* Assets.xcassets */; };
		CEB7E36D1FC9E39E0017A86C /* LaunchScreen.storyboard in Resources */ = {isa = PBXBuildFile; fileRef = CEB7E36B1FC9E39E0017A86C /* LaunchScreen.storyboard */; };
		CEB7E3751FC9E49E0017A86C /* Inceptionv3.mlmodel in Sources */ = {isa = PBXBuildFile; fileRef = CEB7E3741FC9E49E0017A86C /* Inceptionv3.mlmodel */; };
/* End PBXBuildFile section */

/* Begin PBXFileReference section */
		CEB7E35F1FC9E39E0017A86C /* ImageRecogniser.app */ = {isa = PBXFileReference; explicitFileType = wrapper.application; includeInIndex = 0; path = ImageRecogniser.app; sourceTree = BUILT_PRODUCTS_DIR; };
		CEB7E3621FC9E39E0017A86C /* AppDelegate.swift */ = {isa = PBXFileReference; lastKnownFileType = sourcecode.swift; path = AppDelegate.swift; sourceTree = "<group>"; };
		CEB7E3641FC9E39E0017A86C /* ViewController.swift */ = {isa = PBXFileReference; lastKnownFileType = sourcecode.swift; path = ViewController.swift; sourceTree = "<group>"; };
		CEB7E3671FC9E39E0017A86C /* Base */ = {isa = PBXFileReference; lastKnownFileType = file.storyboard; name = Base; path = Base.lproj/Main.storyboard; sourceTree = "<group>"; };
		CEB7E3691FC9E39E0017A86C /* Assets.xcassets */ = {isa = PBXFileReference; lastKnownFileType = folder.assetcatalog; path = Assets.xcassets; sourceTree = "<group>"; };
		CEB7E36C1FC9E39E0017A86C /* Base */ = {isa = PBXFileReference; lastKnownFileType = file.storyboard; name = Base; path = Base.lproj/LaunchScreen.storyboard; sourceTree = "<group>"; };
		CEB7E36E1FC9E39E0017A86C /* Info.plist */ = {isa = PBXFileReference; lastKnownFileType = text.plist.xml; path = Info.plist; sourceTree = "<group>"; };
		CEB7E3741FC9E49E0017A86C /* Inceptionv3.mlmodel */ = {isa = PBXFileReference; lastKnownFileType = file.mlmodel; path = Inceptionv3.mlmodel; sourceTree = "<group>"; };
/* End PBXFileReference section */

/* Begin PBXFrameworksBuildPhase section */
		CEB7E35C1FC9E39E0017A86C /* Frameworks */ = {
			isa = PBXFrameworksBuildPhase;
			buildActionMask = 2147483647;
			files = (
			);
			runOnlyForDeploymentPostprocessing = 0;
		};
/* End PBXFrameworksBuildPhase section */

/* Begin PBXGroup section */
		CEB7E3561FC9E39E0017A86C = {
			isa = PBXGroup;
			children = (
				CEB7E3611FC9E39E0017A86C /* ImageRecogniser */,
				CEB7E3601FC9E39E0017A86C /* Products */,
			);
			sourceTree = "<group>";
		};
		CEB7E3601FC9E39E0017A86C /* Products */ = {
			isa = PBXGroup;
			children = (
				CEB7E35F1FC9E39E0017A86C /* ImageRecogniser.app */,
			);
			name = Products;
			sourceTree = "<group>";
		};
		CEB7E3611FC9E39E0017A86C /* ImageRecogniser */ = {
			isa = PBXGroup;
			children = (
				CEB7E3621FC9E39E0017A86C /* AppDelegate.swift */,
				CEB7E3641FC9E39E0017A86C /* ViewController.swift */,
				CEB7E3661FC9E39E0017A86C /* Main.storyboard */,
				CEB7E3691FC9E39E0017A86C /* Assets.xcassets */,
				CEB7E36B1FC9E39E0017A86C /* LaunchScreen.storyboard */,
				CEB7E36E1FC9E39E0017A86C /* Info.plist */,
				CEB7E3741FC9E49E0017A86C /* Inceptionv3.mlmodel */,
			);
			path = ImageRecogniser;
			sourceTree = "<group>";
		};
/* End PBXGroup section */

/* Begin PBXNativeTarget section */
		CEB7E35E1FC9E39E0017A86C /* ImageRecogniser */ = {
			isa = PBXNativeTarget;
			buildConfigurationList = CEB7E3711FC9E39E0017A86C /* Build configuration list for PBXNativeTarget "ImageRecogniser" */;
			buildPhases = (
				CEB7E35B1FC9E39E0017A86C /* Sources */,
				CEB7E35C1FC9E39E0017A86C /* Frameworks */,
				CEB7E35D1FC9E39E0017A86C /* Resources */,
			);
			buildRules = (
			);
			dependencies = (
			);
			name = ImageRecogniser;
			productName = ImageRecogniser;
			productReference = CEB7E35F1FC9E39E0017A86C /* ImageRecogniser.app */;
			productType = "com.apple.product-type.application";
		};
/* End PBXNativeTarget section */

/* Begin PBXProject section */
		CEB7E3571FC9E39E0017A86C /* Project object */ = {
			isa = PBXProject;
			attributes = {
				LastSwiftUpdateCheck = 0910;
				LastUpgradeCheck = 0910;
				ORGANIZATIONNAME = "Jude Molloy";
				TargetAttributes = {
					CEB7E35E1FC9E39E0017A86C = {
						CreatedOnToolsVersion = 9.1;
						ProvisioningStyle = Automatic;
					};
				};
			};
			buildConfigurationList = CEB7E35A1FC9E39E0017A86C /* Build configuration list for PBXProject "ImageRecogniser" */;
			compatibilityVersion = "Xcode 8.0";
			developmentRegion = en;
			hasScannedForEncodings = 0;
			knownRegions = (
				en,
				Base,
			);
			mainGroup = CEB7E3561FC9E39E0017A86C;
			productRefGroup = CEB7E3601FC9E39E0017A86C /* Products */;
			projectDirPath = "";
			projectRoot = "";
			targets = (
				CEB7E35E1FC9E39E0017A86C /* ImageRecogniser */,
			);
		};
/* End PBXProject section */

/* Begin PBXResourcesBuildPhase section */
		CEB7E35D1FC9E39E0017A86C /* Resources */ = {
			isa = PBXResourcesBuildPhase;
			buildActionMask = 2147483647;
			files = (
				CEB7E36D1FC9E39E0017A86C /* LaunchScreen.storyboard in Resources */,
				CEB7E36A1FC9E39E0017A86C /* Assets.xcassets in Resources */,
				CEB7E3681FC9E39E0017A86C /* Main.storyboard in Resources */,
			);
			runOnlyForDeploymentPostprocessing = 0;
		};
/* End PBXResourcesBuildPhase section */

/* Begin PBXSourcesBuildPhase section */
		CEB7E35B1FC9E39E0017A86C /* Sources */ = {
			isa = PBXSourcesBuildPhase;
			buildActionMask = 2147483647;
			files = (
				CEB7E3651FC9E39E0017A86C /* ViewController.swift in Sources */,
				CEB7E3751FC9E49E0017A86C /* Inceptionv3.mlmodel in Sources */,
				CEB7E3631FC9E39E0017A86C /* AppDelegate.swift in Sources */,
			);
			runOnlyForDeploymentPostprocessing = 0;
		};
/* End PBXSourcesBuildPhase section */

/* Begin PBXVariantGroup section */
		CEB7E3661FC9E39E0017A86C /* Main.storyboard */ = {
			isa = PBXVariantGroup;
			children = (
				CEB7E3671FC9E39E0017A86C /* Base */,
			);
			name = Main.storyboard;
			sourceTree = "<group>";
		};
		CEB7E36B1FC9E39E0017A86C /* LaunchScreen.storyboard */ = {
			isa = PBXVariantGroup;
			children = (
				CEB7E36C1FC9E39E0017A86C /* Base */,
			);
			name = LaunchScreen.storyboard;
			sourceTree = "<group>";
		};
/* End PBXVariantGroup section */

/* Begin XCBuildConfiguration section */
		CEB7E36F1FC9E39E0017A86C /* Debug */ = {
			isa = XCBuildConfiguration;
			buildSettings = {
				ALWAYS_SEARCH_USER_PATHS = NO;
				CLANG_ANALYZER_NONNULL = YES;
				CLANG_ANALYZER_NUMBER_OBJECT_CONVERSION = YES_AGGRESSIVE;
				CLANG_CXX_LANGUAGE_STANDARD = "gnu++14";
				CLANG_CXX_LIBRARY = "libc++";
				CLANG_ENABLE_MODULES = YES;
				CLANG_ENABLE_OBJC_ARC = YES;
				CLANG_WARN_BLOCK_CAPTURE_AUTORELEASING = YES;
				CLANG_WARN_BOOL_CONVERSION = YES;
				CLANG_WARN_COMMA = YES;
				CLANG_WARN_CONSTANT_CONVERSION = YES;
				CLANG_WARN_DIRECT_OBJC_ISA_USAGE = YES_ERROR;
				CLANG_WARN_DOCUMENTATION_COMMENTS = YES;
				CLANG_WARN_EMPTY_BODY = YES;
				CLANG_WARN_ENUM_CONVERSION = YES;
				CLANG_WARN_INFINITE_RECURSION = YES;
				CLANG_WARN_INT_CONVERSION = YES;
				CLANG_WARN_NON_LITERAL_NULL_CONVERSION = YES;
				CLANG_WARN_OBJC_LITERAL_CONVERSION = YES;
				CLANG_WARN_OBJC_ROOT_CLASS = YES_ERROR;
				CLANG_WARN_RANGE_LOOP_ANALYSIS = YES;
				CLANG_WARN_STRICT_PROTOTYPES = YES;
				CLANG_WARN_SUSPICIOUS_MOVE = YES;
				CLANG_WARN_UNGUARDED_AVAILABILITY = YES_AGGRESSIVE;
				CLANG_WARN_UNREACHABLE_CODE = YES;
				CLANG_WARN__DUPLICATE_METHOD_MATCH = YES;
				CODE_SIGN_IDENTITY = "iPhone Developer";
				COPY_PHASE_STRIP = NO;
				DEBUG_INFORMATION_FORMAT = dwarf;
				ENABLE_STRICT_OBJC_MSGSEND = YES;
				ENABLE_TESTABILITY = YES;
				GCC_C_LANGUAGE_STANDARD = gnu11;
				GCC_DYNAMIC_NO_PIC = NO;
				GCC_NO_COMMON_BLOCKS = YES;
				GCC_OPTIMIZATION_LEVEL = 0;
				GCC_PREPROCESSOR_DEFINITIONS = (
					"DEBUG=1",
					"$(inherited)",
				);
				GCC_WARN_64_TO_32_BIT_CONVERSION = YES;
				GCC_WARN_ABOUT_RETURN_TYPE = YES_ERROR;
				GCC_WARN_UNDECLARED_SELECTOR = YES;
				GCC_WARN_UNINITIALIZED_AUTOS = YES_AGGRESSIVE;
				GCC_WARN_UNUSED_FUNCTION = YES;
				GCC_WARN_UNUSED_VARIABLE = YES;
				IPHONEOS_DEPLOYMENT_TARGET = 11.1;
				MTL_ENABLE_DEBUG_INFO = YES;
				ONLY_ACTIVE_ARCH = YES;
				SDKROOT = iphoneos;
				SWIFT_ACTIVE_COMPILATION_CONDITIONS = DEBUG;
				SWIFT_OPTIMIZATION_LEVEL = "-Onone";
			};
			name = Debug;
		};
		CEB7E3701FC9E39E0017A86C /* Release */ = {
			isa = XCBuildConfiguration;
			buildSettings = {
				ALWAYS_SEARCH_USER_PATHS = NO;
				CLANG_ANALYZER_NONNULL = YES;
				CLANG_ANALYZER_NUMBER_OBJECT_CONVERSION = YES_AGGRESSIVE;
				CLANG_CXX_LANGUAGE_STANDARD = "gnu++14";
				CLANG_CXX_LIBRARY = "libc++";
				CLANG_ENABLE_MODULES = YES;
				CLANG_ENABLE_OBJC_ARC = YES;
				CLANG_WARN_BLOCK_CAPTURE_AUTORELEASING = YES;
				CLANG_WARN_BOOL_CONVERSION = YES;
				CLANG_WARN_COMMA = YES;
				CLANG_WARN_CONSTANT_CONVERSION = YES;
				CLANG_WARN_DIRECT_OBJC_ISA_USAGE = YES_ERROR;
				CLANG_WARN_DOCUMENTATION_COMMENTS = YES;
				CLANG_WARN_EMPTY_BODY = YES;
				CLANG_WARN_ENUM_CONVERSION = YES;
				CLANG_WARN_INFINITE_RECURSION = YES;
				CLANG_WARN_INT_CONVERSION = YES;
				CLANG_WARN_NON_LITERAL_NULL_CONVERSION = YES;
				CLANG_WARN_OBJC_LITERAL_CONVERSION = YES;
				CLANG_WARN_OBJC_ROOT_CLASS = YES_ERROR;
				CLANG_WARN_RANGE_LOOP_ANALYSIS = YES;
				CLANG_WARN_STRICT_PROTOTYPES = YES;
				CLANG_WARN_SUSPICIOUS_MOVE = YES;
				CLANG_WARN_UNGUARDED_AVAILABILITY = YES_AGGRESSIVE;
				CLANG_WARN_UNREACHABLE_CODE = YES;
				CLANG_WARN__DUPLICATE_METHOD_MATCH = YES;
				CODE_SIGN_IDENTITY = "iPhone Developer";
				COPY_PHASE_STRIP = NO;
				DEBUG_INFORMATION_FORMAT = "dwarf-with-dsym";
				ENABLE_NS_ASSERTIONS = NO;
				ENABLE_STRICT_OBJC_MSGSEND = YES;
				GCC_C_LANGUAGE_STANDARD = gnu11;
				GCC_NO_COMMON_BLOCKS = YES;
				GCC_WARN_64_TO_32_BIT_CONVERSION = YES;
				GCC_WARN_ABOUT_RETURN_TYPE = YES_ERROR;
				GCC_WARN_UNDECLARED_SELECTOR = YES;
				GCC_WARN_UNINITIALIZED_AUTOS = YES_AGGRESSIVE;
				GCC_WARN_UNUSED_FUNCTION = YES;
				GCC_WARN_UNUSED_VARIABLE = YES;
				IPHONEOS_DEPLOYMENT_TARGET = 11.1;
				MTL_ENABLE_DEBUG_INFO = NO;
				SDKROOT = iphoneos;
				SWIFT_OPTIMIZATION_LEVEL = "-Owholemodule";
				VALIDATE_PRODUCT = YES;
			};
			name = Release;
		};
		CEB7E3721FC9E39E0017A86C /* Debug */ = {
			isa = XCBuildConfiguration;
			buildSettings = {
				ASSETCATALOG_COMPILER_APPICON_NAME = AppIcon;
				CODE_SIGN_STYLE = Automatic;
				DEVELOPMENT_TEAM = W2XKEEUW6Z;
				INFOPLIST_FILE = ImageRecogniser/Info.plist;
				IPHONEOS_DEPLOYMENT_TARGET = 11.0;
				LD_RUNPATH_SEARCH_PATHS = "$(inherited) @executable_path/Frameworks";
				PRODUCT_BUNDLE_IDENTIFIER = com.judemolloy.ImageRecogniser;
				PRODUCT_NAME = "$(TARGET_NAME)";
				SWIFT_VERSION = 4.0;
				TARGETED_DEVICE_FAMILY = "1,2";
			};
			name = Debug;
		};
		CEB7E3731FC9E39E0017A86C /* Release */ = {
			isa = XCBuildConfiguration;
			buildSettings = {
				ASSETCATALOG_COMPILER_APPICON_NAME = AppIcon;
				CODE_SIGN_STYLE = Automatic;
				DEVELOPMENT_TEAM = W2XKEEUW6Z;
				INFOPLIST_FILE = ImageRecogniser/Info.plist;
				IPHONEOS_DEPLOYMENT_TARGET = 11.0;
				LD_RUNPATH_SEARCH_PATHS = "$(inherited) @executable_path/Frameworks";
				PRODUCT_BUNDLE_IDENTIFIER = com.judemolloy.ImageRecogniser;
				PRODUCT_NAME = "$(TARGET_NAME)";
				SWIFT_VERSION = 4.0;
				TARGETED_DEVICE_FAMILY = "1,2";
			};
			name = Release;
		};
/* End XCBuildConfiguration section */

/* Begin XCConfigurationList section */
		CEB7E35A1FC9E39E0017A86C /* Build configuration list for PBXProject "ImageRecogniser" */ = {
			isa = XCConfigurationList;
			buildConfigurations = (
				CEB7E36F1FC9E39E0017A86C /* Debug */,
				CEB7E3701FC9E39E0017A86C /* Release */,
			);
			defaultConfigurationIsVisible = 0;
			defaultConfigurationName = Release;
		};
		CEB7E3711FC9E39E0017A86C /* Build configuration list for PBXNativeTarget "ImageRecogniser" */ = {
			isa = XCConfigurationList;
			buildConfigurations = (
				CEB7E3721FC9E39E0017A86C /* Debug */,
				CEB7E3731FC9E39E0017A86C /* Release */,
			);
			defaultConfigurationIsVisible = 0;
			defaultConfigurationName = Release;
		};
/* End XCConfigurationList section */
	};
	rootObject = CEB7E3571FC9E39E0017A86C /* Project object */;
}
